
Microsoft Visual Studio Solution File, Format Version 12.00
# Visual Studio Version 17
VisualStudioVersion = 17.4.33110.190
MinimumVisualStudioVersion = 10.0.40219.1
Project("{9A19103F-16F7-4668-BE54-9A1E7A4F7556}") = "MyTestModule2", "MyTestModule2.csproj", "{F8D1EB14-3879-4104-8A00-42EC0C6AC9D3}"
EndProject
Global
	GlobalSection(SolutionConfigurationPlatforms) = preSolution
		Debug|Any CPU = Debug|Any CPU
		Release|Any CPU = Release|Any CPU
	EndGlobalSection
	GlobalSection(ProjectConfigurationPlatforms) = postSolution
		{F8D1EB14-3879-4104-8A00-42EC0C6AC9D3}.Debug|Any CPU.ActiveCfg = Debug|Any CPU
		{F8D1EB14-3879-4104-8A00-42EC0C6AC9D3}.Debug|Any CPU.Build.0 = Debug|Any CPU
		{F8D1EB14-3879-4104-8A00-42EC0C6AC9D3}.Release|Any CPU.ActiveCfg = Release|Any CPU
		{F8D1EB14-3879-4104-8A00-42EC0C6AC9D3}.Release|Any CPU.Build.0 = Release|Any CPU
	EndGlobalSection
	GlobalSection(SolutionProperties) = preSolution
		HideSolutionNode = FALSE
	EndGlobalSection
	GlobalSection(ExtensibilityGlobals) = postSolution
		SolutionGuid = {0051909F-7A1B-4AA0-B936-8A1C9959452D}
	EndGlobalSection
EndGlobal
